
Microsoft Visual Studio Solution File, Format Version 12.00
# Visual Studio Version 17
VisualStudioVersion = 17.6.33505.110
MinimumVisualStudioVersion = 10.0.40219.1
Project("{FAE04EC0-301F-11D3-BF4B-00C04F79EFBC}") = "WPFThreeDogsDistillery2", "WPFThreeDogsDistillery2.csproj", "{BF36871C-E20E-4214-B789-F6819769BF14}"
EndProject
Project("{2150E333-8FDC-42A3-9474-1A3956D46DE8}") = "Solution Items", "Solution Items", "{182F453E-82C2-4876-A5A2-4C4A7FD02242}"
EndProject
Global
	GlobalSection(SolutionConfigurationPlatforms) = preSolution
		Debug|Any CPU = Debug|Any CPU
		Release|Any CPU = Release|Any CPU
	EndGlobalSection
	GlobalSection(ProjectConfigurationPlatforms) = postSolution
		{BF36871C-E20E-4214-B789-F6819769BF14}.Debug|Any CPU.ActiveCfg = Debug|Any CPU
		{BF36871C-E20E-4214-B789-F6819769BF14}.Debug|Any CPU.Build.0 = Debug|Any CPU
		{BF36871C-E20E-4214-B789-F6819769BF14}.Release|Any CPU.ActiveCfg = Release|Any CPU
		{BF36871C-E20E-4214-B789-F6819769BF14}.Release|Any CPU.Build.0 = Release|Any CPU
	EndGlobalSection
	GlobalSection(SolutionProperties) = preSolution
		HideSolutionNode = FALSE
	EndGlobalSection
	GlobalSection(ExtensibilityGlobals) = postSolution
		SolutionGuid = {3A844304-AF3B-4891-A780-48935ACA82F4}
	EndGlobalSection
EndGlobal
